
Microsoft Visual Studio Solution File, Format Version 12.00
# Visual Studio Version 17
VisualStudioVersion = 17.9.34723.18
MinimumVisualStudioVersion = 10.0.40219.1
Project("{FAE04EC0-301F-11D3-BF4B-00C04F79EFBC}") = "read_csv_form", "read_csv_form\read_csv_form.csproj", "{B07CECB1-B4EA-4E3A-8F5C-E276C8BC7D71}"
EndProject
Global
	GlobalSection(SolutionConfigurationPlatforms) = preSolution
		Debug|Any CPU = Debug|Any CPU
		Release|Any CPU = Release|Any CPU
	EndGlobalSection
	GlobalSection(ProjectConfigurationPlatforms) = postSolution
		{B07CECB1-B4EA-4E3A-8F5C-E276C8BC7D71}.Debug|Any CPU.ActiveCfg = Debug|Any CPU
		{B07CECB1-B4EA-4E3A-8F5C-E276C8BC7D71}.Debug|Any CPU.Build.0 = Debug|Any CPU
		{B07CECB1-B4EA-4E3A-8F5C-E276C8BC7D71}.Release|Any CPU.ActiveCfg = Release|Any CPU
		{B07CECB1-B4EA-4E3A-8F5C-E276C8BC7D71}.Release|Any CPU.Build.0 = Release|Any CPU
	EndGlobalSection
	GlobalSection(SolutionProperties) = preSolution
		HideSolutionNode = FALSE
	EndGlobalSection
	GlobalSection(ExtensibilityGlobals) = postSolution
		SolutionGuid = {E1D6D313-0356-433F-834A-1FADC05ED165}
	EndGlobalSection
EndGlobal
